
Microsoft Visual Studio Solution File, Format Version 11.00
# Visual Studio 2010
# SharpDevelop 5.1
Project("{FAE04EC0-301F-11D3-BF4B-00C04F79EFBC}") = "MeleeHunting", "MeleeHunting.csproj", "{1BDA142A-A477-4CF9-B1F6-F926F5200226}"
EndProject
Global
	GlobalSection(SolutionConfigurationPlatforms) = preSolution
		Debug|Any CPU = Debug|Any CPU
		Release|Any CPU = Release|Any CPU
	EndGlobalSection
	GlobalSection(ProjectConfigurationPlatforms) = postSolution
		{1BDA142A-A477-4CF9-B1F6-F926F5200226}.Debug|Any CPU.ActiveCfg = Debug|Any CPU
		{1BDA142A-A477-4CF9-B1F6-F926F5200226}.Debug|Any CPU.Build.0 = Debug|Any CPU
		{1BDA142A-A477-4CF9-B1F6-F926F5200226}.Release|Any CPU.ActiveCfg = Release|Any CPU
		{1BDA142A-A477-4CF9-B1F6-F926F5200226}.Release|Any CPU.Build.0 = Release|Any CPU
	EndGlobalSection
EndGlobal
